// !$*UTF8*$!
{
	archiveVersion = 1;
	classes = {
	};
	objectVersion = 55;
	objects = {

/* Begin PBXBuildFile section */
		E61D20D42B5D0B7300773524 /* GoogleSignIn in Frameworks */ = {isa = PBXBuildFile; productRef = E61D20D32B5D0B7300773524 /* GoogleSignIn */; };
		E61D20D72B5D0BF200773524 /* User.swift in Sources */ = {isa = PBXBuildFile; fileRef = E61D20D62B5D0BF200773524 /* User.swift */; };
		E61D20D92B5D0C3D00773524 /* ServiceError.swift in Sources */ = {isa = PBXBuildFile; fileRef = E61D20D82B5D0C3D00773524 /* ServiceError.swift */; };
		E629D5B52B558132006766BB /* Color+Extension.swift in Sources */ = {isa = PBXBuildFile; fileRef = E629D5B42B558132006766BB /* Color+Extension.swift */; };
		E629D5B72B55835D006766BB /* LoginView.swift in Sources */ = {isa = PBXBuildFile; fileRef = E629D5B62B55835D006766BB /* LoginView.swift */; };
		E629D5B92B5583E9006766BB /* LoginButtonStyle.swift in Sources */ = {isa = PBXBuildFile; fileRef = E629D5B82B5583E9006766BB /* LoginButtonStyle.swift */; };
		E66781372B4ADA5E00C91926 /* Colors.xcassets in Resources */ = {isa = PBXBuildFile; fileRef = E66781362B4ADA5E00C91926 /* Colors.xcassets */; };
		E66C9EDF2B49B2340046FC5E /* HotDealMessengerApp.swift in Sources */ = {isa = PBXBuildFile; fileRef = E66C9EDE2B49B2340046FC5E /* HotDealMessengerApp.swift */; };
		E66C9EE12B49B2340046FC5E /* AuthenticatedView.swift in Sources */ = {isa = PBXBuildFile; fileRef = E66C9EE02B49B2340046FC5E /* AuthenticatedView.swift */; };
		E66C9EE32B49B2350046FC5E /* Assets.xcassets in Resources */ = {isa = PBXBuildFile; fileRef = E66C9EE22B49B2350046FC5E /* Assets.xcassets */; };
		E66C9EE62B49B2350046FC5E /* Preview Assets.xcassets in Resources */ = {isa = PBXBuildFile; fileRef = E66C9EE52B49B2350046FC5E /* Preview Assets.xcassets */; };
		E66C9EF02B49B2350046FC5E /* HotDealMessengerTests.swift in Sources */ = {isa = PBXBuildFile; fileRef = E66C9EEF2B49B2350046FC5E /* HotDealMessengerTests.swift */; };
		E66C9EFA2B49B2350046FC5E /* HotDealMessengerUITests.swift in Sources */ = {isa = PBXBuildFile; fileRef = E66C9EF92B49B2350046FC5E /* HotDealMessengerUITests.swift */; };
		E66C9EFC2B49B2350046FC5E /* HotDealMessengerUITestsLaunchTests.swift in Sources */ = {isa = PBXBuildFile; fileRef = E66C9EFB2B49B2350046FC5E /* HotDealMessengerUITestsLaunchTests.swift */; };
		E68447452B4ADF2800BFEF6B /* LaunchScreen.storyboard in Resources */ = {isa = PBXBuildFile; fileRef = E68447442B4ADF2800BFEF6B /* LaunchScreen.storyboard */; };
		E68447482B4AE2BD00BFEF6B /* DIContainer.swift in Sources */ = {isa = PBXBuildFile; fileRef = E68447472B4AE2BD00BFEF6B /* DIContainer.swift */; };
		E684474B2B4AE2EF00BFEF6B /* Services.swift in Sources */ = {isa = PBXBuildFile; fileRef = E684474A2B4AE2EF00BFEF6B /* Services.swift */; };
		E684474F2B4AE4AE00BFEF6B /* AuthenticationViewModel.swift in Sources */ = {isa = PBXBuildFile; fileRef = E684474E2B4AE4AE00BFEF6B /* AuthenticationViewModel.swift */; };
		E6DDA3702B55622E0068F5AF /* GoogleService-Info.plist in Resources */ = {isa = PBXBuildFile; fileRef = E6DDA36F2B55622E0068F5AF /* GoogleService-Info.plist */; };
		E6DDA3722B5562520068F5AF /* AppDelegate.swift in Sources */ = {isa = PBXBuildFile; fileRef = E6DDA3712B5562520068F5AF /* AppDelegate.swift */; };
		E6DDA3752B55635A0068F5AF /* FirebaseAuth in Frameworks */ = {isa = PBXBuildFile; productRef = E6DDA3742B55635A0068F5AF /* FirebaseAuth */; };
		E6DDA3772B5564E50068F5AF /* AuthentificationService.swift in Sources */ = {isa = PBXBuildFile; fileRef = E6DDA3762B5564E50068F5AF /* AuthentificationService.swift */; };
		E6DDA37B2B55675A0068F5AF /* LoginIntroView.swift in Sources */ = {isa = PBXBuildFile; fileRef = E6DDA37A2B55675A0068F5AF /* LoginIntroView.swift */; };
		E6DDA37D2B5567660068F5AF /* MainTabView.swift in Sources */ = {isa = PBXBuildFile; fileRef = E6DDA37C2B5567660068F5AF /* MainTabView.swift */; };
/* End PBXBuildFile section */

/* Begin PBXContainerItemProxy section */
		E66C9EEC2B49B2350046FC5E /* PBXContainerItemProxy */ = {
			isa = PBXContainerItemProxy;
			containerPortal = E66C9ED32B49B2340046FC5E /* Project object */;
			proxyType = 1;
			remoteGlobalIDString = E66C9EDA2B49B2340046FC5E;
			remoteInfo = HotDealMessenger;
		};
		E66C9EF62B49B2350046FC5E /* PBXContainerItemProxy */ = {
			isa = PBXContainerItemProxy;
			containerPortal = E66C9ED32B49B2340046FC5E /* Project object */;
			proxyType = 1;
			remoteGlobalIDString = E66C9EDA2B49B2340046FC5E;
			remoteInfo = HotDealMessenger;
		};
/* End PBXContainerItemProxy section */

/* Begin PBXFileReference section */
		E61D20D62B5D0BF200773524 /* User.swift */ = {isa = PBXFileReference; lastKnownFileType = sourcecode.swift; path = User.swift; sourceTree = "<group>"; };
		E61D20D82B5D0C3D00773524 /* ServiceError.swift */ = {isa = PBXFileReference; lastKnownFileType = sourcecode.swift; path = ServiceError.swift; sourceTree = "<group>"; };
		E629D5B42B558132006766BB /* Color+Extension.swift */ = {isa = PBXFileReference; fileEncoding = 4; lastKnownFileType = sourcecode.swift; path = "Color+Extension.swift"; sourceTree = "<group>"; };
		E629D5B62B55835D006766BB /* LoginView.swift */ = {isa = PBXFileReference; lastKnownFileType = sourcecode.swift; path = LoginView.swift; sourceTree = "<group>"; };
		E629D5B82B5583E9006766BB /* LoginButtonStyle.swift */ = {isa = PBXFileReference; lastKnownFileType = sourcecode.swift; path = LoginButtonStyle.swift; sourceTree = "<group>"; };
		E66781362B4ADA5E00C91926 /* Colors.xcassets */ = {isa = PBXFileReference; lastKnownFileType = folder.assetcatalog; path = Colors.xcassets; sourceTree = "<group>"; };
		E667813D2B4ADDF500C91926 /* Info.plist */ = {isa = PBXFileReference; lastKnownFileType = text.plist; path = Info.plist; sourceTree = "<group>"; };
		E66C9EDB2B49B2340046FC5E /* HotDealMessenger.app */ = {isa = PBXFileReference; explicitFileType = wrapper.application; includeInIndex = 0; path = HotDealMessenger.app; sourceTree = BUILT_PRODUCTS_DIR; };
		E66C9EDE2B49B2340046FC5E /* HotDealMessengerApp.swift */ = {isa = PBXFileReference; lastKnownFileType = sourcecode.swift; path = HotDealMessengerApp.swift; sourceTree = "<group>"; };
		E66C9EE02B49B2340046FC5E /* AuthenticatedView.swift */ = {isa = PBXFileReference; lastKnownFileType = sourcecode.swift; path = AuthenticatedView.swift; sourceTree = "<group>"; };
		E66C9EE22B49B2350046FC5E /* Assets.xcassets */ = {isa = PBXFileReference; lastKnownFileType = folder.assetcatalog; path = Assets.xcassets; sourceTree = "<group>"; };
		E66C9EE52B49B2350046FC5E /* Preview Assets.xcassets */ = {isa = PBXFileReference; lastKnownFileType = folder.assetcatalog; path = "Preview Assets.xcassets"; sourceTree = "<group>"; };
		E66C9EEB2B49B2350046FC5E /* HotDealMessengerTests.xctest */ = {isa = PBXFileReference; explicitFileType = wrapper.cfbundle; includeInIndex = 0; path = HotDealMessengerTests.xctest; sourceTree = BUILT_PRODUCTS_DIR; };
		E66C9EEF2B49B2350046FC5E /* HotDealMessengerTests.swift */ = {isa = PBXFileReference; lastKnownFileType = sourcecode.swift; path = HotDealMessengerTests.swift; sourceTree = "<group>"; };
		E66C9EF52B49B2350046FC5E /* HotDealMessengerUITests.xctest */ = {isa = PBXFileReference; explicitFileType = wrapper.cfbundle; includeInIndex = 0; path = HotDealMessengerUITests.xctest; sourceTree = BUILT_PRODUCTS_DIR; };
		E66C9EF92B49B2350046FC5E /* HotDealMessengerUITests.swift */ = {isa = PBXFileReference; lastKnownFileType = sourcecode.swift; path = HotDealMessengerUITests.swift; sourceTree = "<group>"; };
		E66C9EFB2B49B2350046FC5E /* HotDealMessengerUITestsLaunchTests.swift */ = {isa = PBXFileReference; lastKnownFileType = sourcecode.swift; path = HotDealMessengerUITestsLaunchTests.swift; sourceTree = "<group>"; };
		E68447442B4ADF2800BFEF6B /* LaunchScreen.storyboard */ = {isa = PBXFileReference; fileEncoding = 4; lastKnownFileType = file.storyboard; path = LaunchScreen.storyboard; sourceTree = "<group>"; };
		E68447472B4AE2BD00BFEF6B /* DIContainer.swift */ = {isa = PBXFileReference; lastKnownFileType = sourcecode.swift; path = DIContainer.swift; sourceTree = "<group>"; };
		E684474A2B4AE2EF00BFEF6B /* Services.swift */ = {isa = PBXFileReference; lastKnownFileType = sourcecode.swift; path = Services.swift; sourceTree = "<group>"; };
		E684474E2B4AE4AE00BFEF6B /* AuthenticationViewModel.swift */ = {isa = PBXFileReference; lastKnownFileType = sourcecode.swift; path = AuthenticationViewModel.swift; sourceTree = "<group>"; };
		E6DDA36F2B55622E0068F5AF /* GoogleService-Info.plist */ = {isa = PBXFileReference; fileEncoding = 4; lastKnownFileType = text.plist.xml; path = "GoogleService-Info.plist"; sourceTree = "<group>"; };
		E6DDA3712B5562520068F5AF /* AppDelegate.swift */ = {isa = PBXFileReference; lastKnownFileType = sourcecode.swift; path = AppDelegate.swift; sourceTree = "<group>"; };
		E6DDA3762B5564E50068F5AF /* AuthentificationService.swift */ = {isa = PBXFileReference; lastKnownFileType = sourcecode.swift; path = AuthentificationService.swift; sourceTree = "<group>"; };
		E6DDA37A2B55675A0068F5AF /* LoginIntroView.swift */ = {isa = PBXFileReference; lastKnownFileType = sourcecode.swift; path = LoginIntroView.swift; sourceTree = "<group>"; };
		E6DDA37C2B5567660068F5AF /* MainTabView.swift */ = {isa = PBXFileReference; lastKnownFileType = sourcecode.swift; path = MainTabView.swift; sourceTree = "<group>"; };
/* End PBXFileReference section */

/* Begin PBXFrameworksBuildPhase section */
		E66C9ED82B49B2340046FC5E /* Frameworks */ = {
			isa = PBXFrameworksBuildPhase;
			buildActionMask = 2147483647;
			files = (
				E6DDA3752B55635A0068F5AF /* FirebaseAuth in Frameworks */,
				E61D20D42B5D0B7300773524 /* GoogleSignIn in Frameworks */,
			);
			runOnlyForDeploymentPostprocessing = 0;
		};
		E66C9EE82B49B2350046FC5E /* Frameworks */ = {
			isa = PBXFrameworksBuildPhase;
			buildActionMask = 2147483647;
			files = (
			);
			runOnlyForDeploymentPostprocessing = 0;
		};
		E66C9EF22B49B2350046FC5E /* Frameworks */ = {
			isa = PBXFrameworksBuildPhase;
			buildActionMask = 2147483647;
			files = (
			);
			runOnlyForDeploymentPostprocessing = 0;
		};
/* End PBXFrameworksBuildPhase section */

/* Begin PBXGroup section */
		E61D20D22B5D0B7300773524 /* Frameworks */ = {
			isa = PBXGroup;
			children = (
			);
			name = Frameworks;
			sourceTree = "<group>";
		};
		E61D20D52B5D0BE300773524 /* Model */ = {
			isa = PBXGroup;
			children = (
				E61D20D62B5D0BF200773524 /* User.swift */,
			);
			path = Model;
			sourceTree = "<group>";
		};
		E629D5B32B558127006766BB /* Extension */ = {
			isa = PBXGroup;
			children = (
				E629D5B42B558132006766BB /* Color+Extension.swift */,
			);
			path = Extension;
			sourceTree = "<group>";
		};
		E667813A2B4ADB5F00C91926 /* Resource */ = {
			isa = PBXGroup;
			children = (
				E68447442B4ADF2800BFEF6B /* LaunchScreen.storyboard */,
				E66781362B4ADA5E00C91926 /* Colors.xcassets */,
				E66C9EE22B49B2350046FC5E /* Assets.xcassets */,
			);
			path = Resource;
			sourceTree = "<group>";
		};
		E66C9ED22B49B2340046FC5E = {
			isa = PBXGroup;
			children = (
				E66C9EDD2B49B2340046FC5E /* HotDealMessenger */,
				E66C9EEE2B49B2350046FC5E /* HotDealMessengerTests */,
				E66C9EF82B49B2350046FC5E /* HotDealMessengerUITests */,
				E66C9EDC2B49B2340046FC5E /* Products */,
				E61D20D22B5D0B7300773524 /* Frameworks */,
			);
			sourceTree = "<group>";
		};
		E66C9EDC2B49B2340046FC5E /* Products */ = {
			isa = PBXGroup;
			children = (
				E66C9EDB2B49B2340046FC5E /* HotDealMessenger.app */,
				E66C9EEB2B49B2350046FC5E /* HotDealMessengerTests.xctest */,
				E66C9EF52B49B2350046FC5E /* HotDealMessengerUITests.xctest */,
			);
			name = Products;
			sourceTree = "<group>";
		};
		E66C9EDD2B49B2340046FC5E /* HotDealMessenger */ = {
			isa = PBXGroup;
			children = (
				E6DDA3712B5562520068F5AF /* AppDelegate.swift */,
				E66C9EDE2B49B2340046FC5E /* HotDealMessengerApp.swift */,
				E6DDA36F2B55622E0068F5AF /* GoogleService-Info.plist */,
				E667813D2B4ADDF500C91926 /* Info.plist */,
				E61D20D52B5D0BE300773524 /* Model */,
				E68447462B4AE2AC00BFEF6B /* General */,
				E684474C2B4AE46A00BFEF6B /* View */,
				E68447492B4AE2D900BFEF6B /* Service */,
				E629D5B32B558127006766BB /* Extension */,
				E667813A2B4ADB5F00C91926 /* Resource */,
				E66C9EE42B49B2350046FC5E /* Preview Content */,
			);
			path = HotDealMessenger;
			sourceTree = "<group>";
		};
		E66C9EE42B49B2350046FC5E /* Preview Content */ = {
			isa = PBXGroup;
			children = (
				E66C9EE52B49B2350046FC5E /* Preview Assets.xcassets */,
			);
			path = "Preview Content";
			sourceTree = "<group>";
		};
		E66C9EEE2B49B2350046FC5E /* HotDealMessengerTests */ = {
			isa = PBXGroup;
			children = (
				E66C9EEF2B49B2350046FC5E /* HotDealMessengerTests.swift */,
			);
			path = HotDealMessengerTests;
			sourceTree = "<group>";
		};
		E66C9EF82B49B2350046FC5E /* HotDealMessengerUITests */ = {
			isa = PBXGroup;
			children = (
				E66C9EF92B49B2350046FC5E /* HotDealMessengerUITests.swift */,
				E66C9EFB2B49B2350046FC5E /* HotDealMessengerUITestsLaunchTests.swift */,
			);
			path = HotDealMessengerUITests;
			sourceTree = "<group>";
		};
		E68447462B4AE2AC00BFEF6B /* General */ = {
			isa = PBXGroup;
			children = (
				E68447472B4AE2BD00BFEF6B /* DIContainer.swift */,
			);
			path = General;
			sourceTree = "<group>";
		};
		E68447492B4AE2D900BFEF6B /* Service */ = {
			isa = PBXGroup;
			children = (
				E6DDA3762B5564E50068F5AF /* AuthentificationService.swift */,
				E684474A2B4AE2EF00BFEF6B /* Services.swift */,
				E61D20D82B5D0C3D00773524 /* ServiceError.swift */,
			);
			path = Service;
			sourceTree = "<group>";
		};
		E684474C2B4AE46A00BFEF6B /* View */ = {
			isa = PBXGroup;
			children = (
				E6DDA3792B5567350068F5AF /* MainTab */,
				E6DDA3782B55672F0068F5AF /* Login */,
				E684474D2B4AE47A00BFEF6B /* Authentication */,
			);
			path = View;
			sourceTree = "<group>";
		};
		E684474D2B4AE47A00BFEF6B /* Authentication */ = {
			isa = PBXGroup;
			children = (
				E66C9EE02B49B2340046FC5E /* AuthenticatedView.swift */,
				E684474E2B4AE4AE00BFEF6B /* AuthenticationViewModel.swift */,
			);
			path = Authentication;
			sourceTree = "<group>";
		};
		E6DDA3782B55672F0068F5AF /* Login */ = {
			isa = PBXGroup;
			children = (
				E6DDA37A2B55675A0068F5AF /* LoginIntroView.swift */,
				E629D5B62B55835D006766BB /* LoginView.swift */,
				E629D5B82B5583E9006766BB /* LoginButtonStyle.swift */,
			);
			path = Login;
			sourceTree = "<group>";
		};
		E6DDA3792B5567350068F5AF /* MainTab */ = {
			isa = PBXGroup;
			children = (
				E6DDA37C2B5567660068F5AF /* MainTabView.swift */,
			);
			path = MainTab;
			sourceTree = "<group>";
		};
/* End PBXGroup section */

/* Begin PBXNativeTarget section */
		E66C9EDA2B49B2340046FC5E /* HotDealMessenger */ = {
			isa = PBXNativeTarget;
			buildConfigurationList = E66C9EFF2B49B2350046FC5E /* Build configuration list for PBXNativeTarget "HotDealMessenger" */;
			buildPhases = (
				E66C9ED72B49B2340046FC5E /* Sources */,
				E66C9ED82B49B2340046FC5E /* Frameworks */,
				E66C9ED92B49B2340046FC5E /* Resources */,
			);
			buildRules = (
			);
			dependencies = (
			);
			name = HotDealMessenger;
			packageProductDependencies = (
				E6DDA3742B55635A0068F5AF /* FirebaseAuth */,
				E61D20D32B5D0B7300773524 /* GoogleSignIn */,
			);
			productName = HotDealMessenger;
			productReference = E66C9EDB2B49B2340046FC5E /* HotDealMessenger.app */;
			productType = "com.apple.product-type.application";
		};
		E66C9EEA2B49B2350046FC5E /* HotDealMessengerTests */ = {
			isa = PBXNativeTarget;
			buildConfigurationList = E66C9F022B49B2350046FC5E /* Build configuration list for PBXNativeTarget "HotDealMessengerTests" */;
			buildPhases = (
				E66C9EE72B49B2350046FC5E /* Sources */,
				E66C9EE82B49B2350046FC5E /* Frameworks */,
				E66C9EE92B49B2350046FC5E /* Resources */,
			);
			buildRules = (
			);
			dependencies = (
				E66C9EED2B49B2350046FC5E /* PBXTargetDependency */,
			);
			name = HotDealMessengerTests;
			productName = HotDealMessengerTests;
			productReference = E66C9EEB2B49B2350046FC5E /* HotDealMessengerTests.xctest */;
			productType = "com.apple.product-type.bundle.unit-test";
		};
		E66C9EF42B49B2350046FC5E /* HotDealMessengerUITests */ = {
			isa = PBXNativeTarget;
			buildConfigurationList = E66C9F052B49B2350046FC5E /* Build configuration list for PBXNativeTarget "HotDealMessengerUITests" */;
			buildPhases = (
				E66C9EF12B49B2350046FC5E /* Sources */,
				E66C9EF22B49B2350046FC5E /* Frameworks */,
				E66C9EF32B49B2350046FC5E /* Resources */,
			);
			buildRules = (
			);
			dependencies = (
				E66C9EF72B49B2350046FC5E /* PBXTargetDependency */,
			);
			name = HotDealMessengerUITests;
			productName = HotDealMessengerUITests;
			productReference = E66C9EF52B49B2350046FC5E /* HotDealMessengerUITests.xctest */;
			productType = "com.apple.product-type.bundle.ui-testing";
		};
/* End PBXNativeTarget section */

/* Begin PBXProject section */
		E66C9ED32B49B2340046FC5E /* Project object */ = {
			isa = PBXProject;
			attributes = {
				BuildIndependentTargetsInParallel = 1;
				LastSwiftUpdateCheck = 1320;
				LastUpgradeCheck = 1320;
				TargetAttributes = {
					E66C9EDA2B49B2340046FC5E = {
						CreatedOnToolsVersion = 13.2.1;
					};
					E66C9EEA2B49B2350046FC5E = {
						CreatedOnToolsVersion = 13.2.1;
						TestTargetID = E66C9EDA2B49B2340046FC5E;
					};
					E66C9EF42B49B2350046FC5E = {
						CreatedOnToolsVersion = 13.2.1;
						TestTargetID = E66C9EDA2B49B2340046FC5E;
					};
				};
			};
			buildConfigurationList = E66C9ED62B49B2340046FC5E /* Build configuration list for PBXProject "HotDealMessenger" */;
			compatibilityVersion = "Xcode 13.0";
			developmentRegion = en;
			hasScannedForEncodings = 0;
			knownRegions = (
				en,
				Base,
			);
			mainGroup = E66C9ED22B49B2340046FC5E;
			packageReferences = (
				E6DDA3732B55635A0068F5AF /* XCRemoteSwiftPackageReference "firebase-ios-sdk" */,
				E61D20D12B5D0AC600773524 /* XCRemoteSwiftPackageReference "GoogleSignIn-iOS" */,
			);
			productRefGroup = E66C9EDC2B49B2340046FC5E /* Products */;
			projectDirPath = "";
			projectRoot = "";
			targets = (
				E66C9EDA2B49B2340046FC5E /* HotDealMessenger */,
				E66C9EEA2B49B2350046FC5E /* HotDealMessengerTests */,
				E66C9EF42B49B2350046FC5E /* HotDealMessengerUITests */,
			);
		};
/* End PBXProject section */

/* Begin PBXResourcesBuildPhase section */
		E66C9ED92B49B2340046FC5E /* Resources */ = {
			isa = PBXResourcesBuildPhase;
			buildActionMask = 2147483647;
			files = (
				E66781372B4ADA5E00C91926 /* Colors.xcassets in Resources */,
				E66C9EE62B49B2350046FC5E /* Preview Assets.xcassets in Resources */,
				E68447452B4ADF2800BFEF6B /* LaunchScreen.storyboard in Resources */,
				E66C9EE32B49B2350046FC5E /* Assets.xcassets in Resources */,
				E6DDA3702B55622E0068F5AF /* GoogleService-Info.plist in Resources */,
			);
			runOnlyForDeploymentPostprocessing = 0;
		};
		E66C9EE92B49B2350046FC5E /* Resources */ = {
			isa = PBXResourcesBuildPhase;
			buildActionMask = 2147483647;
			files = (
			);
			runOnlyForDeploymentPostprocessing = 0;
		};
		E66C9EF32B49B2350046FC5E /* Resources */ = {
			isa = PBXResourcesBuildPhase;
			buildActionMask = 2147483647;
			files = (
			);
			runOnlyForDeploymentPostprocessing = 0;
		};
/* End PBXResourcesBuildPhase section */

/* Begin PBXSourcesBuildPhase section */
		E66C9ED72B49B2340046FC5E /* Sources */ = {
			isa = PBXSourcesBuildPhase;
			buildActionMask = 2147483647;
			files = (
				E61D20D72B5D0BF200773524 /* User.swift in Sources */,
				E6DDA3722B5562520068F5AF /* AppDelegate.swift in Sources */,
				E629D5B52B558132006766BB /* Color+Extension.swift in Sources */,
				E6DDA3772B5564E50068F5AF /* AuthentificationService.swift in Sources */,
				E6DDA37D2B5567660068F5AF /* MainTabView.swift in Sources */,
				E66C9EE12B49B2340046FC5E /* AuthenticatedView.swift in Sources */,
				E684474F2B4AE4AE00BFEF6B /* AuthenticationViewModel.swift in Sources */,
				E684474B2B4AE2EF00BFEF6B /* Services.swift in Sources */,
				E629D5B92B5583E9006766BB /* LoginButtonStyle.swift in Sources */,
				E68447482B4AE2BD00BFEF6B /* DIContainer.swift in Sources */,
				E629D5B72B55835D006766BB /* LoginView.swift in Sources */,
				E66C9EDF2B49B2340046FC5E /* HotDealMessengerApp.swift in Sources */,
				E61D20D92B5D0C3D00773524 /* ServiceError.swift in Sources */,
				E6DDA37B2B55675A0068F5AF /* LoginIntroView.swift in Sources */,
			);
			runOnlyForDeploymentPostprocessing = 0;
		};
		E66C9EE72B49B2350046FC5E /* Sources */ = {
			isa = PBXSourcesBuildPhase;
			buildActionMask = 2147483647;
			files = (
				E66C9EF02B49B2350046FC5E /* HotDealMessengerTests.swift in Sources */,
			);
			runOnlyForDeploymentPostprocessing = 0;
		};
		E66C9EF12B49B2350046FC5E /* Sources */ = {
			isa = PBXSourcesBuildPhase;
			buildActionMask = 2147483647;
			files = (
				E66C9EFC2B49B2350046FC5E /* HotDealMessengerUITestsLaunchTests.swift in Sources */,
				E66C9EFA2B49B2350046FC5E /* HotDealMessengerUITests.swift in Sources */,
			);
			runOnlyForDeploymentPostprocessing = 0;
		};
/* End PBXSourcesBuildPhase section */

/* Begin PBXTargetDependency section */
		E66C9EED2B49B2350046FC5E /* PBXTargetDependency */ = {
			isa = PBXTargetDependency;
			target = E66C9EDA2B49B2340046FC5E /* HotDealMessenger */;
			targetProxy = E66C9EEC2B49B2350046FC5E /* PBXContainerItemProxy */;
		};
		E66C9EF72B49B2350046FC5E /* PBXTargetDependency */ = {
			isa = PBXTargetDependency;
			target = E66C9EDA2B49B2340046FC5E /* HotDealMessenger */;
			targetProxy = E66C9EF62B49B2350046FC5E /* PBXContainerItemProxy */;
		};
/* End PBXTargetDependency section */

/* Begin XCBuildConfiguration section */
		E66C9EFD2B49B2350046FC5E /* Debug */ = {
			isa = XCBuildConfiguration;
			buildSettings = {
				ALWAYS_SEARCH_USER_PATHS = NO;
				CLANG_ANALYZER_NONNULL = YES;
				CLANG_ANALYZER_NUMBER_OBJECT_CONVERSION = YES_AGGRESSIVE;
				CLANG_CXX_LANGUAGE_STANDARD = "gnu++17";
				CLANG_CXX_LIBRARY = "libc++";
				CLANG_ENABLE_MODULES = YES;
				CLANG_ENABLE_OBJC_ARC = YES;
				CLANG_ENABLE_OBJC_WEAK = YES;
				CLANG_WARN_BLOCK_CAPTURE_AUTORELEASING = YES;
				CLANG_WARN_BOOL_CONVERSION = YES;
				CLANG_WARN_COMMA = YES;
				CLANG_WARN_CONSTANT_CONVERSION = YES;
				CLANG_WARN_DEPRECATED_OBJC_IMPLEMENTATIONS = YES;
				CLANG_WARN_DIRECT_OBJC_ISA_USAGE = YES_ERROR;
				CLANG_WARN_DOCUMENTATION_COMMENTS = YES;
				CLANG_WARN_EMPTY_BODY = YES;
				CLANG_WARN_ENUM_CONVERSION = YES;
				CLANG_WARN_INFINITE_RECURSION = YES;
				CLANG_WARN_INT_CONVERSION = YES;
				CLANG_WARN_NON_LITERAL_NULL_CONVERSION = YES;
				CLANG_WARN_OBJC_IMPLICIT_RETAIN_SELF = YES;
				CLANG_WARN_OBJC_LITERAL_CONVERSION = YES;
				CLANG_WARN_OBJC_ROOT_CLASS = YES_ERROR;
				CLANG_WARN_QUOTED_INCLUDE_IN_FRAMEWORK_HEADER = YES;
				CLANG_WARN_RANGE_LOOP_ANALYSIS = YES;
				CLANG_WARN_STRICT_PROTOTYPES = YES;
				CLANG_WARN_SUSPICIOUS_MOVE = YES;
				CLANG_WARN_UNGUARDED_AVAILABILITY = YES_AGGRESSIVE;
				CLANG_WARN_UNREACHABLE_CODE = YES;
				CLANG_WARN__DUPLICATE_METHOD_MATCH = YES;
				COPY_PHASE_STRIP = NO;
				DEBUG_INFORMATION_FORMAT = dwarf;
				ENABLE_STRICT_OBJC_MSGSEND = YES;
				ENABLE_TESTABILITY = YES;
				GCC_C_LANGUAGE_STANDARD = gnu11;
				GCC_DYNAMIC_NO_PIC = NO;
				GCC_NO_COMMON_BLOCKS = YES;
				GCC_OPTIMIZATION_LEVEL = 0;
				GCC_PREPROCESSOR_DEFINITIONS = (
					"DEBUG=1",
					"$(inherited)",
				);
				GCC_WARN_64_TO_32_BIT_CONVERSION = YES;
				GCC_WARN_ABOUT_RETURN_TYPE = YES_ERROR;
				GCC_WARN_UNDECLARED_SELECTOR = YES;
				GCC_WARN_UNINITIALIZED_AUTOS = YES_AGGRESSIVE;
				GCC_WARN_UNUSED_FUNCTION = YES;
				GCC_WARN_UNUSED_VARIABLE = YES;
				IPHONEOS_DEPLOYMENT_TARGET = 16.0;
				MTL_ENABLE_DEBUG_INFO = INCLUDE_SOURCE;
				MTL_FAST_MATH = YES;
				ONLY_ACTIVE_ARCH = YES;
				SDKROOT = iphoneos;
				SWIFT_ACTIVE_COMPILATION_CONDITIONS = DEBUG;
				SWIFT_OPTIMIZATION_LEVEL = "-Onone";
			};
			name = Debug;
		};
		E66C9EFE2B49B2350046FC5E /* Release */ = {
			isa = XCBuildConfiguration;
			buildSettings = {
				ALWAYS_SEARCH_USER_PATHS = NO;
				CLANG_ANALYZER_NONNULL = YES;
				CLANG_ANALYZER_NUMBER_OBJECT_CONVERSION = YES_AGGRESSIVE;
				CLANG_CXX_LANGUAGE_STANDARD = "gnu++17";
				CLANG_CXX_LIBRARY = "libc++";
				CLANG_ENABLE_MODULES = YES;
				CLANG_ENABLE_OBJC_ARC = YES;
				CLANG_ENABLE_OBJC_WEAK = YES;
				CLANG_WARN_BLOCK_CAPTURE_AUTORELEASING = YES;
				CLANG_WARN_BOOL_CONVERSION = YES;
				CLANG_WARN_COMMA = YES;
				CLANG_WARN_CONSTANT_CONVERSION = YES;
				CLANG_WARN_DEPRECATED_OBJC_IMPLEMENTATIONS = YES;
				CLANG_WARN_DIRECT_OBJC_ISA_USAGE = YES_ERROR;
				CLANG_WARN_DOCUMENTATION_COMMENTS = YES;
				CLANG_WARN_EMPTY_BODY = YES;
				CLANG_WARN_ENUM_CONVERSION = YES;
				CLANG_WARN_INFINITE_RECURSION = YES;
				CLANG_WARN_INT_CONVERSION = YES;
				CLANG_WARN_NON_LITERAL_NULL_CONVERSION = YES;
				CLANG_WARN_OBJC_IMPLICIT_RETAIN_SELF = YES;
				CLANG_WARN_OBJC_LITERAL_CONVERSION = YES;
				CLANG_WARN_OBJC_ROOT_CLASS = YES_ERROR;
				CLANG_WARN_QUOTED_INCLUDE_IN_FRAMEWORK_HEADER = YES;
				CLANG_WARN_RANGE_LOOP_ANALYSIS = YES;
				CLANG_WARN_STRICT_PROTOTYPES = YES;
				CLANG_WARN_SUSPICIOUS_MOVE = YES;
				CLANG_WARN_UNGUARDED_AVAILABILITY = YES_AGGRESSIVE;
				CLANG_WARN_UNREACHABLE_CODE = YES;
				CLANG_WARN__DUPLICATE_METHOD_MATCH = YES;
				COPY_PHASE_STRIP = NO;
				DEBUG_INFORMATION_FORMAT = "dwarf-with-dsym";
				ENABLE_NS_ASSERTIONS = NO;
				ENABLE_STRICT_OBJC_MSGSEND = YES;
				GCC_C_LANGUAGE_STANDARD = gnu11;
				GCC_NO_COMMON_BLOCKS = YES;
				GCC_WARN_64_TO_32_BIT_CONVERSION = YES;
				GCC_WARN_ABOUT_RETURN_TYPE = YES_ERROR;
				GCC_WARN_UNDECLARED_SELECTOR = YES;
				GCC_WARN_UNINITIALIZED_AUTOS = YES_AGGRESSIVE;
				GCC_WARN_UNUSED_FUNCTION = YES;
				GCC_WARN_UNUSED_VARIABLE = YES;
				IPHONEOS_DEPLOYMENT_TARGET = 16.0;
				MTL_ENABLE_DEBUG_INFO = NO;
				MTL_FAST_MATH = YES;
				SDKROOT = iphoneos;
				SWIFT_COMPILATION_MODE = wholemodule;
				SWIFT_OPTIMIZATION_LEVEL = "-O";
				VALIDATE_PRODUCT = YES;
			};
			name = Release;
		};
		E66C9F002B49B2350046FC5E /* Debug */ = {
			isa = XCBuildConfiguration;
			buildSettings = {
				ASSETCATALOG_COMPILER_APPICON_NAME = AppIcon;
				ASSETCATALOG_COMPILER_GLOBAL_ACCENT_COLOR_NAME = AccentColor;
				CODE_SIGN_STYLE = Automatic;
				CURRENT_PROJECT_VERSION = 1;
				DEVELOPMENT_ASSET_PATHS = "\"HotDealMessenger/Preview Content\"";
				ENABLE_PREVIEWS = YES;
				GENERATE_INFOPLIST_FILE = YES;
				INFOPLIST_FILE = HotDealMessenger/Info.plist;
				INFOPLIST_KEY_UIApplicationSceneManifest_Generation = YES;
				INFOPLIST_KEY_UIApplicationSupportsIndirectInputEvents = YES;
				INFOPLIST_KEY_UILaunchStoryboardName = LaunchScreen;
				INFOPLIST_KEY_UISupportedInterfaceOrientations_iPad = "UIInterfaceOrientationPortrait UIInterfaceOrientationPortraitUpsideDown UIInterfaceOrientationLandscapeLeft UIInterfaceOrientationLandscapeRight";
				INFOPLIST_KEY_UISupportedInterfaceOrientations_iPhone = "UIInterfaceOrientationPortrait UIInterfaceOrientationLandscapeLeft UIInterfaceOrientationLandscapeRight";
				IPHONEOS_DEPLOYMENT_TARGET = 16.0;
				LD_RUNPATH_SEARCH_PATHS = (
					"$(inherited)",
					"@executable_path/Frameworks",
				);
				MARKETING_VERSION = 1.0;
				PRODUCT_BUNDLE_IDENTIFIER = Geon.HotDealMessenger;
				PRODUCT_NAME = "$(TARGET_NAME)";
				SWIFT_EMIT_LOC_STRINGS = YES;
				SWIFT_VERSION = 5.0;
				TARGETED_DEVICE_FAMILY = "1,2";
			};
			name = Debug;
		};
		E66C9F012B49B2350046FC5E /* Release */ = {
			isa = XCBuildConfiguration;
			buildSettings = {
				ASSETCATALOG_COMPILER_APPICON_NAME = AppIcon;
				ASSETCATALOG_COMPILER_GLOBAL_ACCENT_COLOR_NAME = AccentColor;
				CODE_SIGN_STYLE = Automatic;
				CURRENT_PROJECT_VERSION = 1;
				DEVELOPMENT_ASSET_PATHS = "\"HotDealMessenger/Preview Content\"";
				ENABLE_PREVIEWS = YES;
				GENERATE_INFOPLIST_FILE = YES;
				INFOPLIST_FILE = HotDealMessenger/Info.plist;
				INFOPLIST_KEY_UIApplicationSceneManifest_Generation = YES;
				INFOPLIST_KEY_UIApplicationSupportsIndirectInputEvents = YES;
				INFOPLIST_KEY_UILaunchStoryboardName = LaunchScreen;
				INFOPLIST_KEY_UISupportedInterfaceOrientations_iPad = "UIInterfaceOrientationPortrait UIInterfaceOrientationPortraitUpsideDown UIInterfaceOrientationLandscapeLeft UIInterfaceOrientationLandscapeRight";
				INFOPLIST_KEY_UISupportedInterfaceOrientations_iPhone = "UIInterfaceOrientationPortrait UIInterfaceOrientationLandscapeLeft UIInterfaceOrientationLandscapeRight";
				IPHONEOS_DEPLOYMENT_TARGET = 16.0;
				LD_RUNPATH_SEARCH_PATHS = (
					"$(inherited)",
					"@executable_path/Frameworks",
				);
				MARKETING_VERSION = 1.0;
				PRODUCT_BUNDLE_IDENTIFIER = Geon.HotDealMessenger;
				PRODUCT_NAME = "$(TARGET_NAME)";
				SWIFT_EMIT_LOC_STRINGS = YES;
				SWIFT_VERSION = 5.0;
				TARGETED_DEVICE_FAMILY = "1,2";
			};
			name = Release;
		};
		E66C9F032B49B2350046FC5E /* Debug */ = {
			isa = XCBuildConfiguration;
			buildSettings = {
				ALWAYS_EMBED_SWIFT_STANDARD_LIBRARIES = YES;
				BUNDLE_LOADER = "$(TEST_HOST)";
				CODE_SIGN_STYLE = Automatic;
				CURRENT_PROJECT_VERSION = 1;
				GENERATE_INFOPLIST_FILE = YES;
				IPHONEOS_DEPLOYMENT_TARGET = 15.2;
				MARKETING_VERSION = 1.0;
				PRODUCT_BUNDLE_IDENTIFIER = Geon.HotDealMessengerTests;
				PRODUCT_NAME = "$(TARGET_NAME)";
				SWIFT_EMIT_LOC_STRINGS = NO;
				SWIFT_VERSION = 5.0;
				TARGETED_DEVICE_FAMILY = "1,2";
				TEST_HOST = "$(BUILT_PRODUCTS_DIR)/HotDealMessenger.app/HotDealMessenger";
			};
			name = Debug;
		};
		E66C9F042B49B2350046FC5E /* Release */ = {
			isa = XCBuildConfiguration;
			buildSettings = {
				ALWAYS_EMBED_SWIFT_STANDARD_LIBRARIES = YES;
				BUNDLE_LOADER = "$(TEST_HOST)";
				CODE_SIGN_STYLE = Automatic;
				CURRENT_PROJECT_VERSION = 1;
				GENERATE_INFOPLIST_FILE = YES;
				IPHONEOS_DEPLOYMENT_TARGET = 15.2;
				MARKETING_VERSION = 1.0;
				PRODUCT_BUNDLE_IDENTIFIER = Geon.HotDealMessengerTests;
				PRODUCT_NAME = "$(TARGET_NAME)";
				SWIFT_EMIT_LOC_STRINGS = NO;
				SWIFT_VERSION = 5.0;
				TARGETED_DEVICE_FAMILY = "1,2";
				TEST_HOST = "$(BUILT_PRODUCTS_DIR)/HotDealMessenger.app/HotDealMessenger";
			};
			name = Release;
		};
		E66C9F062B49B2350046FC5E /* Debug */ = {
			isa = XCBuildConfiguration;
			buildSettings = {
				ALWAYS_EMBED_SWIFT_STANDARD_LIBRARIES = YES;
				CODE_SIGN_STYLE = Automatic;
				CURRENT_PROJECT_VERSION = 1;
				GENERATE_INFOPLIST_FILE = YES;
				MARKETING_VERSION = 1.0;
				PRODUCT_BUNDLE_IDENTIFIER = Geon.HotDealMessengerUITests;
				PRODUCT_NAME = "$(TARGET_NAME)";
				SWIFT_EMIT_LOC_STRINGS = NO;
				SWIFT_VERSION = 5.0;
				TARGETED_DEVICE_FAMILY = "1,2";
				TEST_TARGET_NAME = HotDealMessenger;
			};
			name = Debug;
		};
		E66C9F072B49B2350046FC5E /* Release */ = {
			isa = XCBuildConfiguration;
			buildSettings = {
				ALWAYS_EMBED_SWIFT_STANDARD_LIBRARIES = YES;
				CODE_SIGN_STYLE = Automatic;
				CURRENT_PROJECT_VERSION = 1;
				GENERATE_INFOPLIST_FILE = YES;
				MARKETING_VERSION = 1.0;
				PRODUCT_BUNDLE_IDENTIFIER = Geon.HotDealMessengerUITests;
				PRODUCT_NAME = "$(TARGET_NAME)";
				SWIFT_EMIT_LOC_STRINGS = NO;
				SWIFT_VERSION = 5.0;
				TARGETED_DEVICE_FAMILY = "1,2";
				TEST_TARGET_NAME = HotDealMessenger;
			};
			name = Release;
		};
/* End XCBuildConfiguration section */

/* Begin XCConfigurationList section */
		E66C9ED62B49B2340046FC5E /* Build configuration list for PBXProject "HotDealMessenger" */ = {
			isa = XCConfigurationList;
			buildConfigurations = (
				E66C9EFD2B49B2350046FC5E /* Debug */,
				E66C9EFE2B49B2350046FC5E /* Release */,
			);
			defaultConfigurationIsVisible = 0;
			defaultConfigurationName = Release;
		};
		E66C9EFF2B49B2350046FC5E /* Build configuration list for PBXNativeTarget "HotDealMessenger" */ = {
			isa = XCConfigurationList;
			buildConfigurations = (
				E66C9F002B49B2350046FC5E /* Debug */,
				E66C9F012B49B2350046FC5E /* Release */,
			);
			defaultConfigurationIsVisible = 0;
			defaultConfigurationName = Release;
		};
		E66C9F022B49B2350046FC5E /* Build configuration list for PBXNativeTarget "HotDealMessengerTests" */ = {
			isa = XCConfigurationList;
			buildConfigurations = (
				E66C9F032B49B2350046FC5E /* Debug */,
				E66C9F042B49B2350046FC5E /* Release */,
			);
			defaultConfigurationIsVisible = 0;
			defaultConfigurationName = Release;
		};
		E66C9F052B49B2350046FC5E /* Build configuration list for PBXNativeTarget "HotDealMessengerUITests" */ = {
			isa = XCConfigurationList;
			buildConfigurations = (
				E66C9F062B49B2350046FC5E /* Debug */,
				E66C9F072B49B2350046FC5E /* Release */,
			);
			defaultConfigurationIsVisible = 0;
			defaultConfigurationName = Release;
		};
/* End XCConfigurationList section */

/* Begin XCRemoteSwiftPackageReference section */
		E61D20D12B5D0AC600773524 /* XCRemoteSwiftPackageReference "GoogleSignIn-iOS" */ = {
			isa = XCRemoteSwiftPackageReference;
			repositoryURL = "https://github.com/google/GoogleSignIn-iOS";
			requirement = {
				kind = upToNextMajorVersion;
				minimumVersion = 7.0.0;
			};
		};
		E6DDA3732B55635A0068F5AF /* XCRemoteSwiftPackageReference "firebase-ios-sdk" */ = {
			isa = XCRemoteSwiftPackageReference;
			repositoryURL = "https://github.com/firebase/firebase-ios-sdk";
			requirement = {
				kind = upToNextMajorVersion;
				minimumVersion = 9.0.0;
			};
		};
/* End XCRemoteSwiftPackageReference section */

/* Begin XCSwiftPackageProductDependency section */
		E61D20D32B5D0B7300773524 /* GoogleSignIn */ = {
			isa = XCSwiftPackageProductDependency;
			package = E61D20D12B5D0AC600773524 /* XCRemoteSwiftPackageReference "GoogleSignIn-iOS" */;
			productName = GoogleSignIn;
		};
		E6DDA3742B55635A0068F5AF /* FirebaseAuth */ = {
			isa = XCSwiftPackageProductDependency;
			package = E6DDA3732B55635A0068F5AF /* XCRemoteSwiftPackageReference "firebase-ios-sdk" */;
			productName = FirebaseAuth;
		};
/* End XCSwiftPackageProductDependency section */
	};
	rootObject = E66C9ED32B49B2340046FC5E /* Project object */;
}
